
Microsoft Visual Studio Solution File, Format Version 12.00
# Visual Studio 15
VisualStudioVersion = 15.0.26124.0
MinimumVisualStudioVersion = 15.0.26124.0
Project("{FAE04EC0-301F-11D3-BF4B-00C04F79EFBC}") = "Futures.Web", "Futures.Web\Futures.Web.csproj", "{618E2630-2B28-4E1D-93A8-819942A0704B}"
EndProject
Global
	GlobalSection(SolutionConfigurationPlatforms) = preSolution
		Debug|Any CPU = Debug|Any CPU
		Debug|x64 = Debug|x64
		Debug|x86 = Debug|x86
		Release|Any CPU = Release|Any CPU
		Release|x64 = Release|x64
		Release|x86 = Release|x86
	EndGlobalSection
	GlobalSection(ProjectConfigurationPlatforms) = postSolution
		{618E2630-2B28-4E1D-93A8-819942A0704B}.Debug|Any CPU.ActiveCfg = Debug|Any CPU
		{618E2630-2B28-4E1D-93A8-819942A0704B}.Debug|Any CPU.Build.0 = Debug|Any CPU
		{618E2630-2B28-4E1D-93A8-819942A0704B}.Debug|x64.ActiveCfg = Debug|Any CPU
		{618E2630-2B28-4E1D-93A8-819942A0704B}.Debug|x64.Build.0 = Debug|Any CPU
		{618E2630-2B28-4E1D-93A8-819942A0704B}.Debug|x86.ActiveCfg = Debug|Any CPU
		{618E2630-2B28-4E1D-93A8-819942A0704B}.Debug|x86.Build.0 = Debug|Any CPU
		{618E2630-2B28-4E1D-93A8-819942A0704B}.Release|Any CPU.ActiveCfg = Release|Any CPU
		{618E2630-2B28-4E1D-93A8-819942A0704B}.Release|Any CPU.Build.0 = Release|Any CPU
		{618E2630-2B28-4E1D-93A8-819942A0704B}.Release|x64.ActiveCfg = Release|Any CPU
		{618E2630-2B28-4E1D-93A8-819942A0704B}.Release|x64.Build.0 = Release|Any CPU
		{618E2630-2B28-4E1D-93A8-819942A0704B}.Release|x86.ActiveCfg = Release|Any CPU
		{618E2630-2B28-4E1D-93A8-819942A0704B}.Release|x86.Build.0 = Release|Any CPU
	EndGlobalSection
	GlobalSection(SolutionProperties) = preSolution
		HideSolutionNode = FALSE
	EndGlobalSection
	GlobalSection(ExtensibilityGlobals) = postSolution
		SolutionGuid = {294E6959-9AF1-47B0-B91E-34A915FE689C}
	EndGlobalSection
EndGlobal
