
Microsoft Visual Studio Solution File, Format Version 12.00
# Visual Studio 15
VisualStudioVersion = 15.0.26124.0
MinimumVisualStudioVersion = 15.0.26124.0
Project("{9A19103F-16F7-4668-BE54-9A1E7A4F7556}") = "Futures.Api", "src\Client\Futures.Api\Futures.Api.csproj", "{1C872B10-6ADA-4689-858F-33E9E21A8700}"
EndProject
Project("{2150E333-8FDC-42A3-9474-1A3956D46DE8}") = "src", "src", "{A7B9BED2-9D24-4059-A867-2E9527DC2192}"
EndProject
Project("{2150E333-8FDC-42A3-9474-1A3956D46DE8}") = "Client", "Client", "{DCBEE12F-D5B2-4EE6-8CC7-480E1502FD71}"
EndProject
Project("{2150E333-8FDC-42A3-9474-1A3956D46DE8}") = "Domain", "Domain", "{A31170BC-FB3F-416A-888C-2670D5321245}"
EndProject
Project("{2150E333-8FDC-42A3-9474-1A3956D46DE8}") = "Core", "Core", "{6746010A-72AE-4DFC-A168-17CF6B1DB597}"
EndProject
Project("{9A19103F-16F7-4668-BE54-9A1E7A4F7556}") = "Futures.Infrastructure", "src\Core\Futures.Infrastructure\Futures.Infrastructure.csproj", "{397957A2-AEBE-438A-B070-9E3F47EBF195}"
EndProject
Project("{9A19103F-16F7-4668-BE54-9A1E7A4F7556}") = "Futures.Domain", "src\Core\Futures.Domain\Futures.Domain.csproj", "{DA02D768-B091-4A78-B041-73ECFA742F4B}"
EndProject
Project("{9A19103F-16F7-4668-BE54-9A1E7A4F7556}") = "Futures.Notifications.Domain", "src\Domain\Futures.Notifications.Domain\Futures.Notifications.Domain.csproj", "{2F2E67CF-882F-40E7-9DA8-9F0843300685}"
EndProject
Project("{9A19103F-16F7-4668-BE54-9A1E7A4F7556}") = "Futures.Notifications.Infrastructure", "src\Domain\Futures.Notifications.Infrastructure\Futures.Notifications.Infrastructure.csproj", "{7EC3DFC7-0EC3-43D0-A295-3FFE67674179}"
EndProject
Project("{2150E333-8FDC-42A3-9474-1A3956D46DE8}") = "Application", "Application", "{F27C6458-A85D-44C9-932D-757870FF623E}"
EndProject
Project("{9A19103F-16F7-4668-BE54-9A1E7A4F7556}") = "Futures.Application", "src\Application\Futures.Application\Futures.Application.csproj", "{D5BE428D-59BD-4B6F-A7A8-E0F876849C14}"
EndProject
Project("{FAE04EC0-301F-11D3-BF4B-00C04F79EFBC}") = "Futures.Dashboard.Domain", "src\Domain\Futures.Dashboard.Domain\Futures.Dashboard.Domain.csproj", "{76BF5F81-EBE9-4E63-BDD5-5E78B7F08B5C}"
EndProject
Project("{FAE04EC0-301F-11D3-BF4B-00C04F79EFBC}") = "Futures.Dashboard.Infrastructure", "src\Domain\Futures.Dashboard.Infrastructure\Futures.Dashboard.Infrastructure.csproj", "{957011D4-E27D-43E0-83F5-CB8ED31B3AD8}"
EndProject
Global
	GlobalSection(SolutionConfigurationPlatforms) = preSolution
		Debug|Any CPU = Debug|Any CPU
		Debug|x64 = Debug|x64
		Debug|x86 = Debug|x86
		Release|Any CPU = Release|Any CPU
		Release|x64 = Release|x64
		Release|x86 = Release|x86
	EndGlobalSection
	GlobalSection(ProjectConfigurationPlatforms) = postSolution
		{1C872B10-6ADA-4689-858F-33E9E21A8700}.Debug|Any CPU.ActiveCfg = Debug|Any CPU
		{1C872B10-6ADA-4689-858F-33E9E21A8700}.Debug|Any CPU.Build.0 = Debug|Any CPU
		{1C872B10-6ADA-4689-858F-33E9E21A8700}.Debug|x64.ActiveCfg = Debug|Any CPU
		{1C872B10-6ADA-4689-858F-33E9E21A8700}.Debug|x64.Build.0 = Debug|Any CPU
		{1C872B10-6ADA-4689-858F-33E9E21A8700}.Debug|x86.ActiveCfg = Debug|Any CPU
		{1C872B10-6ADA-4689-858F-33E9E21A8700}.Debug|x86.Build.0 = Debug|Any CPU
		{1C872B10-6ADA-4689-858F-33E9E21A8700}.Release|Any CPU.ActiveCfg = Release|Any CPU
		{1C872B10-6ADA-4689-858F-33E9E21A8700}.Release|Any CPU.Build.0 = Release|Any CPU
		{1C872B10-6ADA-4689-858F-33E9E21A8700}.Release|x64.ActiveCfg = Release|Any CPU
		{1C872B10-6ADA-4689-858F-33E9E21A8700}.Release|x64.Build.0 = Release|Any CPU
		{1C872B10-6ADA-4689-858F-33E9E21A8700}.Release|x86.ActiveCfg = Release|Any CPU
		{1C872B10-6ADA-4689-858F-33E9E21A8700}.Release|x86.Build.0 = Release|Any CPU
		{397957A2-AEBE-438A-B070-9E3F47EBF195}.Debug|Any CPU.ActiveCfg = Debug|Any CPU
		{397957A2-AEBE-438A-B070-9E3F47EBF195}.Debug|Any CPU.Build.0 = Debug|Any CPU
		{397957A2-AEBE-438A-B070-9E3F47EBF195}.Debug|x64.ActiveCfg = Debug|Any CPU
		{397957A2-AEBE-438A-B070-9E3F47EBF195}.Debug|x64.Build.0 = Debug|Any CPU
		{397957A2-AEBE-438A-B070-9E3F47EBF195}.Debug|x86.ActiveCfg = Debug|Any CPU
		{397957A2-AEBE-438A-B070-9E3F47EBF195}.Debug|x86.Build.0 = Debug|Any CPU
		{397957A2-AEBE-438A-B070-9E3F47EBF195}.Release|Any CPU.ActiveCfg = Release|Any CPU
		{397957A2-AEBE-438A-B070-9E3F47EBF195}.Release|Any CPU.Build.0 = Release|Any CPU
		{397957A2-AEBE-438A-B070-9E3F47EBF195}.Release|x64.ActiveCfg = Release|Any CPU
		{397957A2-AEBE-438A-B070-9E3F47EBF195}.Release|x64.Build.0 = Release|Any CPU
		{397957A2-AEBE-438A-B070-9E3F47EBF195}.Release|x86.ActiveCfg = Release|Any CPU
		{397957A2-AEBE-438A-B070-9E3F47EBF195}.Release|x86.Build.0 = Release|Any CPU
		{DA02D768-B091-4A78-B041-73ECFA742F4B}.Debug|Any CPU.ActiveCfg = Debug|Any CPU
		{DA02D768-B091-4A78-B041-73ECFA742F4B}.Debug|Any CPU.Build.0 = Debug|Any CPU
		{DA02D768-B091-4A78-B041-73ECFA742F4B}.Debug|x64.ActiveCfg = Debug|Any CPU
		{DA02D768-B091-4A78-B041-73ECFA742F4B}.Debug|x64.Build.0 = Debug|Any CPU
		{DA02D768-B091-4A78-B041-73ECFA742F4B}.Debug|x86.ActiveCfg = Debug|Any CPU
		{DA02D768-B091-4A78-B041-73ECFA742F4B}.Debug|x86.Build.0 = Debug|Any CPU
		{DA02D768-B091-4A78-B041-73ECFA742F4B}.Release|Any CPU.ActiveCfg = Release|Any CPU
		{DA02D768-B091-4A78-B041-73ECFA742F4B}.Release|Any CPU.Build.0 = Release|Any CPU
		{DA02D768-B091-4A78-B041-73ECFA742F4B}.Release|x64.ActiveCfg = Release|Any CPU
		{DA02D768-B091-4A78-B041-73ECFA742F4B}.Release|x64.Build.0 = Release|Any CPU
		{DA02D768-B091-4A78-B041-73ECFA742F4B}.Release|x86.ActiveCfg = Release|Any CPU
		{DA02D768-B091-4A78-B041-73ECFA742F4B}.Release|x86.Build.0 = Release|Any CPU
		{2F2E67CF-882F-40E7-9DA8-9F0843300685}.Debug|Any CPU.ActiveCfg = Debug|Any CPU
		{2F2E67CF-882F-40E7-9DA8-9F0843300685}.Debug|Any CPU.Build.0 = Debug|Any CPU
		{2F2E67CF-882F-40E7-9DA8-9F0843300685}.Debug|x64.ActiveCfg = Debug|Any CPU
		{2F2E67CF-882F-40E7-9DA8-9F0843300685}.Debug|x64.Build.0 = Debug|Any CPU
		{2F2E67CF-882F-40E7-9DA8-9F0843300685}.Debug|x86.ActiveCfg = Debug|Any CPU
		{2F2E67CF-882F-40E7-9DA8-9F0843300685}.Debug|x86.Build.0 = Debug|Any CPU
		{2F2E67CF-882F-40E7-9DA8-9F0843300685}.Release|Any CPU.ActiveCfg = Release|Any CPU
		{2F2E67CF-882F-40E7-9DA8-9F0843300685}.Release|Any CPU.Build.0 = Release|Any CPU
		{2F2E67CF-882F-40E7-9DA8-9F0843300685}.Release|x64.ActiveCfg = Release|Any CPU
		{2F2E67CF-882F-40E7-9DA8-9F0843300685}.Release|x64.Build.0 = Release|Any CPU
		{2F2E67CF-882F-40E7-9DA8-9F0843300685}.Release|x86.ActiveCfg = Release|Any CPU
		{2F2E67CF-882F-40E7-9DA8-9F0843300685}.Release|x86.Build.0 = Release|Any CPU
		{7EC3DFC7-0EC3-43D0-A295-3FFE67674179}.Debug|Any CPU.ActiveCfg = Debug|Any CPU
		{7EC3DFC7-0EC3-43D0-A295-3FFE67674179}.Debug|Any CPU.Build.0 = Debug|Any CPU
		{7EC3DFC7-0EC3-43D0-A295-3FFE67674179}.Debug|x64.ActiveCfg = Debug|Any CPU
		{7EC3DFC7-0EC3-43D0-A295-3FFE67674179}.Debug|x64.Build.0 = Debug|Any CPU
		{7EC3DFC7-0EC3-43D0-A295-3FFE67674179}.Debug|x86.ActiveCfg = Debug|Any CPU
		{7EC3DFC7-0EC3-43D0-A295-3FFE67674179}.Debug|x86.Build.0 = Debug|Any CPU
		{7EC3DFC7-0EC3-43D0-A295-3FFE67674179}.Release|Any CPU.ActiveCfg = Release|Any CPU
		{7EC3DFC7-0EC3-43D0-A295-3FFE67674179}.Release|Any CPU.Build.0 = Release|Any CPU
		{7EC3DFC7-0EC3-43D0-A295-3FFE67674179}.Release|x64.ActiveCfg = Release|Any CPU
		{7EC3DFC7-0EC3-43D0-A295-3FFE67674179}.Release|x64.Build.0 = Release|Any CPU
		{7EC3DFC7-0EC3-43D0-A295-3FFE67674179}.Release|x86.ActiveCfg = Release|Any CPU
		{7EC3DFC7-0EC3-43D0-A295-3FFE67674179}.Release|x86.Build.0 = Release|Any CPU
		{D5BE428D-59BD-4B6F-A7A8-E0F876849C14}.Debug|Any CPU.ActiveCfg = Debug|Any CPU
		{D5BE428D-59BD-4B6F-A7A8-E0F876849C14}.Debug|Any CPU.Build.0 = Debug|Any CPU
		{D5BE428D-59BD-4B6F-A7A8-E0F876849C14}.Debug|x64.ActiveCfg = Debug|Any CPU
		{D5BE428D-59BD-4B6F-A7A8-E0F876849C14}.Debug|x64.Build.0 = Debug|Any CPU
		{D5BE428D-59BD-4B6F-A7A8-E0F876849C14}.Debug|x86.ActiveCfg = Debug|Any CPU
		{D5BE428D-59BD-4B6F-A7A8-E0F876849C14}.Debug|x86.Build.0 = Debug|Any CPU
		{D5BE428D-59BD-4B6F-A7A8-E0F876849C14}.Release|Any CPU.ActiveCfg = Release|Any CPU
		{D5BE428D-59BD-4B6F-A7A8-E0F876849C14}.Release|Any CPU.Build.0 = Release|Any CPU
		{D5BE428D-59BD-4B6F-A7A8-E0F876849C14}.Release|x64.ActiveCfg = Release|Any CPU
		{D5BE428D-59BD-4B6F-A7A8-E0F876849C14}.Release|x64.Build.0 = Release|Any CPU
		{D5BE428D-59BD-4B6F-A7A8-E0F876849C14}.Release|x86.ActiveCfg = Release|Any CPU
		{D5BE428D-59BD-4B6F-A7A8-E0F876849C14}.Release|x86.Build.0 = Release|Any CPU
		{76BF5F81-EBE9-4E63-BDD5-5E78B7F08B5C}.Debug|Any CPU.ActiveCfg = Debug|Any CPU
		{76BF5F81-EBE9-4E63-BDD5-5E78B7F08B5C}.Debug|Any CPU.Build.0 = Debug|Any CPU
		{76BF5F81-EBE9-4E63-BDD5-5E78B7F08B5C}.Debug|x64.ActiveCfg = Debug|Any CPU
		{76BF5F81-EBE9-4E63-BDD5-5E78B7F08B5C}.Debug|x64.Build.0 = Debug|Any CPU
		{76BF5F81-EBE9-4E63-BDD5-5E78B7F08B5C}.Debug|x86.ActiveCfg = Debug|Any CPU
		{76BF5F81-EBE9-4E63-BDD5-5E78B7F08B5C}.Debug|x86.Build.0 = Debug|Any CPU
		{76BF5F81-EBE9-4E63-BDD5-5E78B7F08B5C}.Release|Any CPU.ActiveCfg = Release|Any CPU
		{76BF5F81-EBE9-4E63-BDD5-5E78B7F08B5C}.Release|Any CPU.Build.0 = Release|Any CPU
		{76BF5F81-EBE9-4E63-BDD5-5E78B7F08B5C}.Release|x64.ActiveCfg = Release|Any CPU
		{76BF5F81-EBE9-4E63-BDD5-5E78B7F08B5C}.Release|x64.Build.0 = Release|Any CPU
		{76BF5F81-EBE9-4E63-BDD5-5E78B7F08B5C}.Release|x86.ActiveCfg = Release|Any CPU
		{76BF5F81-EBE9-4E63-BDD5-5E78B7F08B5C}.Release|x86.Build.0 = Release|Any CPU
		{957011D4-E27D-43E0-83F5-CB8ED31B3AD8}.Debug|Any CPU.ActiveCfg = Debug|Any CPU
		{957011D4-E27D-43E0-83F5-CB8ED31B3AD8}.Debug|Any CPU.Build.0 = Debug|Any CPU
		{957011D4-E27D-43E0-83F5-CB8ED31B3AD8}.Debug|x64.ActiveCfg = Debug|Any CPU
		{957011D4-E27D-43E0-83F5-CB8ED31B3AD8}.Debug|x64.Build.0 = Debug|Any CPU
		{957011D4-E27D-43E0-83F5-CB8ED31B3AD8}.Debug|x86.ActiveCfg = Debug|Any CPU
		{957011D4-E27D-43E0-83F5-CB8ED31B3AD8}.Debug|x86.Build.0 = Debug|Any CPU
		{957011D4-E27D-43E0-83F5-CB8ED31B3AD8}.Release|Any CPU.ActiveCfg = Release|Any CPU
		{957011D4-E27D-43E0-83F5-CB8ED31B3AD8}.Release|Any CPU.Build.0 = Release|Any CPU
		{957011D4-E27D-43E0-83F5-CB8ED31B3AD8}.Release|x64.ActiveCfg = Release|Any CPU
		{957011D4-E27D-43E0-83F5-CB8ED31B3AD8}.Release|x64.Build.0 = Release|Any CPU
		{957011D4-E27D-43E0-83F5-CB8ED31B3AD8}.Release|x86.ActiveCfg = Release|Any CPU
		{957011D4-E27D-43E0-83F5-CB8ED31B3AD8}.Release|x86.Build.0 = Release|Any CPU
	EndGlobalSection
	GlobalSection(SolutionProperties) = preSolution
		HideSolutionNode = FALSE
	EndGlobalSection
	GlobalSection(NestedProjects) = preSolution
		{1C872B10-6ADA-4689-858F-33E9E21A8700} = {DCBEE12F-D5B2-4EE6-8CC7-480E1502FD71}
		{DCBEE12F-D5B2-4EE6-8CC7-480E1502FD71} = {A7B9BED2-9D24-4059-A867-2E9527DC2192}
		{A31170BC-FB3F-416A-888C-2670D5321245} = {A7B9BED2-9D24-4059-A867-2E9527DC2192}
		{6746010A-72AE-4DFC-A168-17CF6B1DB597} = {A7B9BED2-9D24-4059-A867-2E9527DC2192}
		{397957A2-AEBE-438A-B070-9E3F47EBF195} = {6746010A-72AE-4DFC-A168-17CF6B1DB597}
		{DA02D768-B091-4A78-B041-73ECFA742F4B} = {6746010A-72AE-4DFC-A168-17CF6B1DB597}
		{2F2E67CF-882F-40E7-9DA8-9F0843300685} = {A31170BC-FB3F-416A-888C-2670D5321245}
		{7EC3DFC7-0EC3-43D0-A295-3FFE67674179} = {A31170BC-FB3F-416A-888C-2670D5321245}
		{F27C6458-A85D-44C9-932D-757870FF623E} = {A7B9BED2-9D24-4059-A867-2E9527DC2192}
		{D5BE428D-59BD-4B6F-A7A8-E0F876849C14} = {F27C6458-A85D-44C9-932D-757870FF623E}
		{76BF5F81-EBE9-4E63-BDD5-5E78B7F08B5C} = {A31170BC-FB3F-416A-888C-2670D5321245}
		{957011D4-E27D-43E0-83F5-CB8ED31B3AD8} = {A31170BC-FB3F-416A-888C-2670D5321245}
	EndGlobalSection
	GlobalSection(ExtensibilityGlobals) = postSolution
		SolutionGuid = {655A18DC-0925-48F4-B5E7-9A88EBF1CDFF}
	EndGlobalSection
EndGlobal
